
Microsoft Visual Studio Solution File, Format Version 12.00
# Visual Studio Version 16
VisualStudioVersion = 16.0.29318.209
MinimumVisualStudioVersion = 10.0.40219.1
Project("{9A19103F-16F7-4668-BE54-9A1E7A4F7556}") = "Demo.NullableReferenceTypes", "Demo.NullableReferenceTypes\Demo.NullableReferenceTypes.csproj", "{07D135D7-DC48-49D4-8B98-61251ED129E0}"
EndProject
Project("{9A19103F-16F7-4668-BE54-9A1E7A4F7556}") = "Demo.DefaultInterfaceMembers", "Demo.DefaultInterfaceMembers\Demo.DefaultInterfaceMembers.csproj", "{187B2B98-49EE-42BE-900E-2D2678632D1F}"
EndProject
Project("{9A19103F-16F7-4668-BE54-9A1E7A4F7556}") = "Demo.IndicesAndRanges", "Demo.IndicesAndRanges\Demo.IndicesAndRanges.csproj", "{97C66390-C8BC-458B-9AB9-56E7F5AE02B9}"
EndProject
Project("{9A19103F-16F7-4668-BE54-9A1E7A4F7556}") = "Demo.SmallerFeatures", "Demo.SmallerFeatures\Demo.SmallerFeatures.csproj", "{42A2AB17-2C29-4903-AD75-414EF4C700CA}"
EndProject
Project("{9A19103F-16F7-4668-BE54-9A1E7A4F7556}") = "Demo.Patterns", "Demo.Patterns\Demo.Patterns.csproj", "{247DE540-57F0-4D03-ACC6-DF1AC1101C66}"
EndProject
Project("{9A19103F-16F7-4668-BE54-9A1E7A4F7556}") = "Demo.AsyncEnumerable", "Demo.AsyncEnumerable\Demo.AsyncEnumerable.csproj", "{C6C9478A-BF2E-4A91-99A1-D210C4D597BD}"
EndProject
Project("{2150E333-8FDC-42A3-9474-1A3956D46DE8}") = "Solution Items", "Solution Items", "{F3FA64CC-383C-4E20-A558-323B3FA264EC}"
	ProjectSection(SolutionItems) = preProject
		systembolaget.xml = systembolaget.xml
	EndProjectSection
EndProject
Project("{FAE04EC0-301F-11D3-BF4B-00C04F79EFBC}") = "Demo.NullableReferenceTypes.Project", "Demo.NullableReferenceTypes.Project\Demo.NullableReferenceTypes.Project.csproj", "{CA98D200-256E-454F-8419-28FC509D25D8}"
EndProject
Global
	GlobalSection(SolutionConfigurationPlatforms) = preSolution
		Debug|Any CPU = Debug|Any CPU
		Release|Any CPU = Release|Any CPU
	EndGlobalSection
	GlobalSection(ProjectConfigurationPlatforms) = postSolution
		{07D135D7-DC48-49D4-8B98-61251ED129E0}.Debug|Any CPU.ActiveCfg = Debug|Any CPU
		{07D135D7-DC48-49D4-8B98-61251ED129E0}.Debug|Any CPU.Build.0 = Debug|Any CPU
		{07D135D7-DC48-49D4-8B98-61251ED129E0}.Release|Any CPU.ActiveCfg = Release|Any CPU
		{07D135D7-DC48-49D4-8B98-61251ED129E0}.Release|Any CPU.Build.0 = Release|Any CPU
		{187B2B98-49EE-42BE-900E-2D2678632D1F}.Debug|Any CPU.ActiveCfg = Debug|Any CPU
		{187B2B98-49EE-42BE-900E-2D2678632D1F}.Debug|Any CPU.Build.0 = Debug|Any CPU
		{187B2B98-49EE-42BE-900E-2D2678632D1F}.Release|Any CPU.ActiveCfg = Release|Any CPU
		{187B2B98-49EE-42BE-900E-2D2678632D1F}.Release|Any CPU.Build.0 = Release|Any CPU
		{97C66390-C8BC-458B-9AB9-56E7F5AE02B9}.Debug|Any CPU.ActiveCfg = Debug|Any CPU
		{97C66390-C8BC-458B-9AB9-56E7F5AE02B9}.Debug|Any CPU.Build.0 = Debug|Any CPU
		{97C66390-C8BC-458B-9AB9-56E7F5AE02B9}.Release|Any CPU.ActiveCfg = Release|Any CPU
		{97C66390-C8BC-458B-9AB9-56E7F5AE02B9}.Release|Any CPU.Build.0 = Release|Any CPU
		{42A2AB17-2C29-4903-AD75-414EF4C700CA}.Debug|Any CPU.ActiveCfg = Debug|Any CPU
		{42A2AB17-2C29-4903-AD75-414EF4C700CA}.Debug|Any CPU.Build.0 = Debug|Any CPU
		{42A2AB17-2C29-4903-AD75-414EF4C700CA}.Release|Any CPU.ActiveCfg = Release|Any CPU
		{42A2AB17-2C29-4903-AD75-414EF4C700CA}.Release|Any CPU.Build.0 = Release|Any CPU
		{247DE540-57F0-4D03-ACC6-DF1AC1101C66}.Debug|Any CPU.ActiveCfg = Debug|Any CPU
		{247DE540-57F0-4D03-ACC6-DF1AC1101C66}.Debug|Any CPU.Build.0 = Debug|Any CPU
		{247DE540-57F0-4D03-ACC6-DF1AC1101C66}.Release|Any CPU.ActiveCfg = Release|Any CPU
		{247DE540-57F0-4D03-ACC6-DF1AC1101C66}.Release|Any CPU.Build.0 = Release|Any CPU
		{C6C9478A-BF2E-4A91-99A1-D210C4D597BD}.Debug|Any CPU.ActiveCfg = Debug|Any CPU
		{C6C9478A-BF2E-4A91-99A1-D210C4D597BD}.Debug|Any CPU.Build.0 = Debug|Any CPU
		{C6C9478A-BF2E-4A91-99A1-D210C4D597BD}.Release|Any CPU.ActiveCfg = Release|Any CPU
		{C6C9478A-BF2E-4A91-99A1-D210C4D597BD}.Release|Any CPU.Build.0 = Release|Any CPU
		{CA98D200-256E-454F-8419-28FC509D25D8}.Debug|Any CPU.ActiveCfg = Debug|Any CPU
		{CA98D200-256E-454F-8419-28FC509D25D8}.Debug|Any CPU.Build.0 = Debug|Any CPU
		{CA98D200-256E-454F-8419-28FC509D25D8}.Release|Any CPU.ActiveCfg = Release|Any CPU
		{CA98D200-256E-454F-8419-28FC509D25D8}.Release|Any CPU.Build.0 = Release|Any CPU
	EndGlobalSection
	GlobalSection(SolutionProperties) = preSolution
		HideSolutionNode = FALSE
	EndGlobalSection
	GlobalSection(ExtensibilityGlobals) = postSolution
		SolutionGuid = {99CB5DE4-1912-494D-A2B6-C6F513AE9D06}
	EndGlobalSection
EndGlobal
